
Microsoft Visual Studio Solution File, Format Version 12.00
# Visual Studio Version 16
VisualStudioVersion = 16.0.30128.74
MinimumVisualStudioVersion = 10.0.40219.1
Project("{FAE04EC0-301F-11D3-BF4B-00C04F79EFBC}") = "RandomNumberGenerator", "RandomNumberGenerator\RandomNumberGenerator.csproj", "{FBE51B0A-E862-4F2D-BCFB-80FF2C19C40F}"
EndProject
Project("{FAE04EC0-301F-11D3-BF4B-00C04F79EFBC}") = "PDCore", "PDCore\PDCore\PDCore.csproj", "{5AC8CB92-D1B0-4F43-A444-E8D5E747DB4D}"
EndProject
Project("{2150E333-8FDC-42A3-9474-1A3956D46DE8}") = "submodules", "submodules", "{1390F31F-1FE7-48C5-8382-F399A8BA4F39}"
EndProject
Global
	GlobalSection(SolutionConfigurationPlatforms) = preSolution
		Debug|Any CPU = Debug|Any CPU
		Release|Any CPU = Release|Any CPU
		Test|Any CPU = Test|Any CPU
		Test2|Any CPU = Test2|Any CPU
	EndGlobalSection
	GlobalSection(ProjectConfigurationPlatforms) = postSolution
		{FBE51B0A-E862-4F2D-BCFB-80FF2C19C40F}.Debug|Any CPU.ActiveCfg = Debug|Any CPU
		{FBE51B0A-E862-4F2D-BCFB-80FF2C19C40F}.Debug|Any CPU.Build.0 = Debug|Any CPU
		{FBE51B0A-E862-4F2D-BCFB-80FF2C19C40F}.Release|Any CPU.ActiveCfg = Release|Any CPU
		{FBE51B0A-E862-4F2D-BCFB-80FF2C19C40F}.Release|Any CPU.Build.0 = Release|Any CPU
		{FBE51B0A-E862-4F2D-BCFB-80FF2C19C40F}.Test|Any CPU.ActiveCfg = Release|Any CPU
		{FBE51B0A-E862-4F2D-BCFB-80FF2C19C40F}.Test|Any CPU.Build.0 = Release|Any CPU
		{FBE51B0A-E862-4F2D-BCFB-80FF2C19C40F}.Test2|Any CPU.ActiveCfg = Release|Any CPU
		{FBE51B0A-E862-4F2D-BCFB-80FF2C19C40F}.Test2|Any CPU.Build.0 = Release|Any CPU
		{5AC8CB92-D1B0-4F43-A444-E8D5E747DB4D}.Debug|Any CPU.ActiveCfg = Debug|Any CPU
		{5AC8CB92-D1B0-4F43-A444-E8D5E747DB4D}.Debug|Any CPU.Build.0 = Debug|Any CPU
		{5AC8CB92-D1B0-4F43-A444-E8D5E747DB4D}.Release|Any CPU.ActiveCfg = Release|Any CPU
		{5AC8CB92-D1B0-4F43-A444-E8D5E747DB4D}.Release|Any CPU.Build.0 = Release|Any CPU
		{5AC8CB92-D1B0-4F43-A444-E8D5E747DB4D}.Test|Any CPU.ActiveCfg = Test|Any CPU
		{5AC8CB92-D1B0-4F43-A444-E8D5E747DB4D}.Test|Any CPU.Build.0 = Test|Any CPU
		{5AC8CB92-D1B0-4F43-A444-E8D5E747DB4D}.Test2|Any CPU.ActiveCfg = Test2|Any CPU
		{5AC8CB92-D1B0-4F43-A444-E8D5E747DB4D}.Test2|Any CPU.Build.0 = Test2|Any CPU
	EndGlobalSection
	GlobalSection(SolutionProperties) = preSolution
		HideSolutionNode = FALSE
	EndGlobalSection
	GlobalSection(NestedProjects) = preSolution
		{5AC8CB92-D1B0-4F43-A444-E8D5E747DB4D} = {1390F31F-1FE7-48C5-8382-F399A8BA4F39}
	EndGlobalSection
	GlobalSection(ExtensibilityGlobals) = postSolution
		SolutionGuid = {45615A21-D407-4FAC-9D30-5EC4091E80B2}
	EndGlobalSection
EndGlobal
